
Microsoft Visual Studio Solution File, Format Version 12.00
# Visual Studio Version 17
Project("{8BC9CEB8-8B4A-11D0-8D11-00A0C91BC942}") = "ALL_BUILD", "ALL_BUILD.vcxproj", "{6C6225CF-476D-384C-9E95-47357B295A44}"
	ProjectSection(ProjectDependencies) = postProject
		{8B168544-01E0-3B45-8FFB-F15F075592AD} = {8B168544-01E0-3B45-8FFB-F15F075592AD}
		{9ED2D5DB-CA64-34D9-8D19-19856190B21D} = {9ED2D5DB-CA64-34D9-8D19-19856190B21D}
		{38756045-AB4E-3B29-B7C5-BA20ABF448CE} = {38756045-AB4E-3B29-B7C5-BA20ABF448CE}
	EndProjectSection
EndProject
Project("{8BC9CEB8-8B4A-11D0-8D11-00A0C91BC942}") = "Test_MenuBar", "GUI\Test_MenuBar.vcxproj", "{8B168544-01E0-3B45-8FFB-F15F075592AD}"
	ProjectSection(ProjectDependencies) = postProject
		{38756045-AB4E-3B29-B7C5-BA20ABF448CE} = {38756045-AB4E-3B29-B7C5-BA20ABF448CE}
	EndProjectSection
EndProject
Project("{8BC9CEB8-8B4A-11D0-8D11-00A0C91BC942}") = "Test_QMessageBox", "GUI\Test_QMessageBox.vcxproj", "{9ED2D5DB-CA64-34D9-8D19-19856190B21D}"
	ProjectSection(ProjectDependencies) = postProject
		{38756045-AB4E-3B29-B7C5-BA20ABF448CE} = {38756045-AB4E-3B29-B7C5-BA20ABF448CE}
	EndProjectSection
EndProject
Project("{8BC9CEB8-8B4A-11D0-8D11-00A0C91BC942}") = "ZERO_CHECK", "ZERO_CHECK.vcxproj", "{38756045-AB4E-3B29-B7C5-BA20ABF448CE}"
	ProjectSection(ProjectDependencies) = postProject
	EndProjectSection
EndProject
Global
	GlobalSection(SolutionConfigurationPlatforms) = preSolution
		Debug|x64 = Debug|x64
		Release|x64 = Release|x64
		MinSizeRel|x64 = MinSizeRel|x64
		RelWithDebInfo|x64 = RelWithDebInfo|x64
	EndGlobalSection
	GlobalSection(ProjectConfigurationPlatforms) = postSolution
		{6C6225CF-476D-384C-9E95-47357B295A44}.Debug|x64.ActiveCfg = Debug|x64
		{6C6225CF-476D-384C-9E95-47357B295A44}.Release|x64.ActiveCfg = Release|x64
		{6C6225CF-476D-384C-9E95-47357B295A44}.MinSizeRel|x64.ActiveCfg = MinSizeRel|x64
		{6C6225CF-476D-384C-9E95-47357B295A44}.RelWithDebInfo|x64.ActiveCfg = RelWithDebInfo|x64
		{8B168544-01E0-3B45-8FFB-F15F075592AD}.Debug|x64.ActiveCfg = Debug|x64
		{8B168544-01E0-3B45-8FFB-F15F075592AD}.Debug|x64.Build.0 = Debug|x64
		{8B168544-01E0-3B45-8FFB-F15F075592AD}.Release|x64.ActiveCfg = Release|x64
		{8B168544-01E0-3B45-8FFB-F15F075592AD}.Release|x64.Build.0 = Release|x64
		{8B168544-01E0-3B45-8FFB-F15F075592AD}.MinSizeRel|x64.ActiveCfg = MinSizeRel|x64
		{8B168544-01E0-3B45-8FFB-F15F075592AD}.MinSizeRel|x64.Build.0 = MinSizeRel|x64
		{8B168544-01E0-3B45-8FFB-F15F075592AD}.RelWithDebInfo|x64.ActiveCfg = RelWithDebInfo|x64
		{8B168544-01E0-3B45-8FFB-F15F075592AD}.RelWithDebInfo|x64.Build.0 = RelWithDebInfo|x64
		{9ED2D5DB-CA64-34D9-8D19-19856190B21D}.Debug|x64.ActiveCfg = Debug|x64
		{9ED2D5DB-CA64-34D9-8D19-19856190B21D}.Debug|x64.Build.0 = Debug|x64
		{9ED2D5DB-CA64-34D9-8D19-19856190B21D}.Release|x64.ActiveCfg = Release|x64
		{9ED2D5DB-CA64-34D9-8D19-19856190B21D}.Release|x64.Build.0 = Release|x64
		{9ED2D5DB-CA64-34D9-8D19-19856190B21D}.MinSizeRel|x64.ActiveCfg = MinSizeRel|x64
		{9ED2D5DB-CA64-34D9-8D19-19856190B21D}.MinSizeRel|x64.Build.0 = MinSizeRel|x64
		{9ED2D5DB-CA64-34D9-8D19-19856190B21D}.RelWithDebInfo|x64.ActiveCfg = RelWithDebInfo|x64
		{9ED2D5DB-CA64-34D9-8D19-19856190B21D}.RelWithDebInfo|x64.Build.0 = RelWithDebInfo|x64
		{38756045-AB4E-3B29-B7C5-BA20ABF448CE}.Debug|x64.ActiveCfg = Debug|x64
		{38756045-AB4E-3B29-B7C5-BA20ABF448CE}.Debug|x64.Build.0 = Debug|x64
		{38756045-AB4E-3B29-B7C5-BA20ABF448CE}.Release|x64.ActiveCfg = Release|x64
		{38756045-AB4E-3B29-B7C5-BA20ABF448CE}.Release|x64.Build.0 = Release|x64
		{38756045-AB4E-3B29-B7C5-BA20ABF448CE}.MinSizeRel|x64.ActiveCfg = MinSizeRel|x64
		{38756045-AB4E-3B29-B7C5-BA20ABF448CE}.MinSizeRel|x64.Build.0 = MinSizeRel|x64
		{38756045-AB4E-3B29-B7C5-BA20ABF448CE}.RelWithDebInfo|x64.ActiveCfg = RelWithDebInfo|x64
		{38756045-AB4E-3B29-B7C5-BA20ABF448CE}.RelWithDebInfo|x64.Build.0 = RelWithDebInfo|x64
	EndGlobalSection
	GlobalSection(ExtensibilityGlobals) = postSolution
		SolutionGuid = {61A78D53-1B24-36A2-A1BD-7D4BC296840E}
	EndGlobalSection
	GlobalSection(ExtensibilityAddIns) = postSolution
	EndGlobalSection
EndGlobal
